
Microsoft Visual Studio Solution File, Format Version 12.00
# Visual Studio Version 16
VisualStudioVersion = 16.0.31613.86
MinimumVisualStudioVersion = 10.0.40219.1
Project("{FAE04EC0-301F-11D3-BF4B-00C04F79EFBC}") = "BaseDatosASP", "BaseDatosASP\BaseDatosASP.csproj", "{61CCF038-07A1-44E4-83FB-157E1BE3A105}"
EndProject
Global
	GlobalSection(SolutionConfigurationPlatforms) = preSolution
		Debug|Any CPU = Debug|Any CPU
		Release|Any CPU = Release|Any CPU
	EndGlobalSection
	GlobalSection(ProjectConfigurationPlatforms) = postSolution
		{61CCF038-07A1-44E4-83FB-157E1BE3A105}.Debug|Any CPU.ActiveCfg = Debug|Any CPU
		{61CCF038-07A1-44E4-83FB-157E1BE3A105}.Debug|Any CPU.Build.0 = Debug|Any CPU
		{61CCF038-07A1-44E4-83FB-157E1BE3A105}.Release|Any CPU.ActiveCfg = Release|Any CPU
		{61CCF038-07A1-44E4-83FB-157E1BE3A105}.Release|Any CPU.Build.0 = Release|Any CPU
	EndGlobalSection
	GlobalSection(SolutionProperties) = preSolution
		HideSolutionNode = FALSE
	EndGlobalSection
	GlobalSection(ExtensibilityGlobals) = postSolution
		SolutionGuid = {DE7249C7-2400-45B4-A4CD-4DDFBDD8DE0D}
	EndGlobalSection
EndGlobal
