
Microsoft Visual Studio Solution File, Format Version 12.00
# Visual Studio Version 16
VisualStudioVersion = 16.0.31515.178
MinimumVisualStudioVersion = 10.0.40219.1
Project("{FAE04EC0-301F-11D3-BF4B-00C04F79EFBC}") = "RepasoJueves", "RepasoJueves\RepasoJueves.csproj", "{B9A3EA42-42E5-4A46-A4BA-803F36A63362}"
EndProject
Global
	GlobalSection(SolutionConfigurationPlatforms) = preSolution
		Debug|Any CPU = Debug|Any CPU
		Release|Any CPU = Release|Any CPU
	EndGlobalSection
	GlobalSection(ProjectConfigurationPlatforms) = postSolution
		{B9A3EA42-42E5-4A46-A4BA-803F36A63362}.Debug|Any CPU.ActiveCfg = Debug|Any CPU
		{B9A3EA42-42E5-4A46-A4BA-803F36A63362}.Debug|Any CPU.Build.0 = Debug|Any CPU
		{B9A3EA42-42E5-4A46-A4BA-803F36A63362}.Release|Any CPU.ActiveCfg = Release|Any CPU
		{B9A3EA42-42E5-4A46-A4BA-803F36A63362}.Release|Any CPU.Build.0 = Release|Any CPU
	EndGlobalSection
	GlobalSection(SolutionProperties) = preSolution
		HideSolutionNode = FALSE
	EndGlobalSection
	GlobalSection(ExtensibilityGlobals) = postSolution
		SolutionGuid = {2EB1B088-7095-48C7-BA53-6590F74C0BF4}
	EndGlobalSection
EndGlobal
