
Microsoft Visual Studio Solution File, Format Version 12.00
# Visual Studio Version 16
VisualStudioVersion = 16.0.31613.86
MinimumVisualStudioVersion = 10.0.40219.1
Project("{FAE04EC0-301F-11D3-BF4B-00C04F79EFBC}") = "Code_First", "Code_First\Code_First.csproj", "{CFDB4C02-E695-4811-B0B1-1172A96BD83C}"
EndProject
Global
	GlobalSection(SolutionConfigurationPlatforms) = preSolution
		Debug|Any CPU = Debug|Any CPU
		Release|Any CPU = Release|Any CPU
	EndGlobalSection
	GlobalSection(ProjectConfigurationPlatforms) = postSolution
		{CFDB4C02-E695-4811-B0B1-1172A96BD83C}.Debug|Any CPU.ActiveCfg = Debug|Any CPU
		{CFDB4C02-E695-4811-B0B1-1172A96BD83C}.Debug|Any CPU.Build.0 = Debug|Any CPU
		{CFDB4C02-E695-4811-B0B1-1172A96BD83C}.Release|Any CPU.ActiveCfg = Release|Any CPU
		{CFDB4C02-E695-4811-B0B1-1172A96BD83C}.Release|Any CPU.Build.0 = Release|Any CPU
	EndGlobalSection
	GlobalSection(SolutionProperties) = preSolution
		HideSolutionNode = FALSE
	EndGlobalSection
	GlobalSection(ExtensibilityGlobals) = postSolution
		SolutionGuid = {6F0EDA94-84BF-4EE6-9C73-E3710669E6E3}
	EndGlobalSection
EndGlobal
