
Microsoft Visual Studio Solution File, Format Version 12.00
# Visual Studio Version 16
VisualStudioVersion = 16.0.31613.86
MinimumVisualStudioVersion = 10.0.40219.1
Project("{FAE04EC0-301F-11D3-BF4B-00C04F79EFBC}") = "CuestionarioASP_NET", "CuestionarioASP_NET\CuestionarioASP_NET.csproj", "{A806D56A-D713-4C53-BE18-18C3B0253FB8}"
EndProject
Global
	GlobalSection(SolutionConfigurationPlatforms) = preSolution
		Debug|Any CPU = Debug|Any CPU
		Release|Any CPU = Release|Any CPU
	EndGlobalSection
	GlobalSection(ProjectConfigurationPlatforms) = postSolution
		{A806D56A-D713-4C53-BE18-18C3B0253FB8}.Debug|Any CPU.ActiveCfg = Debug|Any CPU
		{A806D56A-D713-4C53-BE18-18C3B0253FB8}.Debug|Any CPU.Build.0 = Debug|Any CPU
		{A806D56A-D713-4C53-BE18-18C3B0253FB8}.Release|Any CPU.ActiveCfg = Release|Any CPU
		{A806D56A-D713-4C53-BE18-18C3B0253FB8}.Release|Any CPU.Build.0 = Release|Any CPU
	EndGlobalSection
	GlobalSection(SolutionProperties) = preSolution
		HideSolutionNode = FALSE
	EndGlobalSection
	GlobalSection(ExtensibilityGlobals) = postSolution
		SolutionGuid = {65A57B9C-078F-4597-8EBE-4F8E1663BF78}
	EndGlobalSection
EndGlobal
